// !$*UTF8*$!
{
	archiveVersion = 1;
	classes = {
	};
	objectVersion = 51;
	objects = {

/* Begin PBXBuildFile section */
		4B3A6BE62603CE3900B99CF0 /* FightAcademy.xcdatamodeld in Sources */ = {isa = PBXBuildFile; fileRef = 4B3A6BE42603CE3900B99CF0 /* FightAcademy.xcdatamodeld */; };
		4B3A6BEB2603CE3E00B99CF0 /* LaunchScreen.storyboard in Resources */ = {isa = PBXBuildFile; fileRef = 4B3A6BE92603CE3E00B99CF0 /* LaunchScreen.storyboard */; };
		4B3A6BF62603CE3F00B99CF0 /* FightAcademyTests.swift in Sources */ = {isa = PBXBuildFile; fileRef = 4B3A6BF52603CE3F00B99CF0 /* FightAcademyTests.swift */; };
		4B3A6C012603CE3F00B99CF0 /* FightAcademyUITests.swift in Sources */ = {isa = PBXBuildFile; fileRef = 4B3A6C002603CE3F00B99CF0 /* FightAcademyUITests.swift */; };
		4B3A6C182603D58700B99CF0 /* GoogleService-Info.plist in Resources */ = {isa = PBXBuildFile; fileRef = 4B3A6C172603D58700B99CF0 /* GoogleService-Info.plist */; };
		4B3A6C482606366E00B99CF0 /* CoachTableViewCell.swift in Sources */ = {isa = PBXBuildFile; fileRef = 4B3A6C462606366E00B99CF0 /* CoachTableViewCell.swift */; };
		4B3A6C492606366E00B99CF0 /* CoachTableViewCell.xib in Resources */ = {isa = PBXBuildFile; fileRef = 4B3A6C472606366E00B99CF0 /* CoachTableViewCell.xib */; };
		4B3A6C592606734D00B99CF0 /* CoachMock.swift in Sources */ = {isa = PBXBuildFile; fileRef = 4B3A6C582606734D00B99CF0 /* CoachMock.swift */; };
		4B3A6C60260674A100B99CF0 /* ReusableCell.swift in Sources */ = {isa = PBXBuildFile; fileRef = 4B3A6C5E260674A100B99CF0 /* ReusableCell.swift */; };
		4B3A6C61260674A100B99CF0 /* ConfigurableCell.swift in Sources */ = {isa = PBXBuildFile; fileRef = 4B3A6C5F260674A100B99CF0 /* ConfigurableCell.swift */; };
		4B3A6C67260732DB00B99CF0 /* CoachDataSourse.swift in Sources */ = {isa = PBXBuildFile; fileRef = 4B3A6C66260732DB00B99CF0 /* CoachDataSourse.swift */; };
		4B3A6C792607416A00B99CF0 /* SceneDelegate.swift in Sources */ = {isa = PBXBuildFile; fileRef = 4B3A6C772607416900B99CF0 /* SceneDelegate.swift */; };
		4B3A6C7A2607416A00B99CF0 /* AppDelegate.swift in Sources */ = {isa = PBXBuildFile; fileRef = 4B3A6C782607416A00B99CF0 /* AppDelegate.swift */; };
		4B3A6C91260742F200B99CF0 /* Assets.xcassets in Resources */ = {isa = PBXBuildFile; fileRef = 4B3A6C5326063E0D00B99CF0 /* Assets.xcassets */; };
		4B3A6C9D260747A500B99CF0 /* CoachViewController.swift in Sources */ = {isa = PBXBuildFile; fileRef = 4B3A6C9B260747A500B99CF0 /* CoachViewController.swift */; };
		4B3A6C9E260747A500B99CF0 /* CoachViewController.xib in Resources */ = {isa = PBXBuildFile; fileRef = 4B3A6C9C260747A500B99CF0 /* CoachViewController.xib */; };
		4B59448C260A8FAF0096FB9F /* TimeSlot.swift in Sources */ = {isa = PBXBuildFile; fileRef = 4B59448B260A8FAF0096FB9F /* TimeSlot.swift */; };
		4B5FE59F260B3E0B004B336C /* BookingDataSourse.swift in Sources */ = {isa = PBXBuildFile; fileRef = 4B5FE59E260B3E0B004B336C /* BookingDataSourse.swift */; };
		4BB86463260A8B1E003198CA /* TimeCollectionViewCell.swift in Sources */ = {isa = PBXBuildFile; fileRef = 4BB86461260A8B1E003198CA /* TimeCollectionViewCell.swift */; };
		4BB86464260A8B1E003198CA /* TimeCollectionViewCell.xib in Resources */ = {isa = PBXBuildFile; fileRef = 4BB86462260A8B1E003198CA /* TimeCollectionViewCell.xib */; };
		4BF53EA8260771F2002166D4 /* UIView+IBInspectable.swift in Sources */ = {isa = PBXBuildFile; fileRef = 4BF53EA7260771F2002166D4 /* UIView+IBInspectable.swift */; };
		4BF53EF426079CE1002166D4 /* String+Size.swift in Sources */ = {isa = PBXBuildFile; fileRef = 4BF53EF326079CE1002166D4 /* String+Size.swift */; };
		4BF53EFE2608A6E5002166D4 /* BookingActivityViewController.swift in Sources */ = {isa = PBXBuildFile; fileRef = 4BF53EFC2608A6E4002166D4 /* BookingActivityViewController.swift */; };
		4BF53EFF2608A6E5002166D4 /* BookingActivityViewController.xib in Resources */ = {isa = PBXBuildFile; fileRef = 4BF53EFD2608A6E4002166D4 /* BookingActivityViewController.xib */; };
		9EA8843426068216002A59E2 /* RouterProtocol.swift in Sources */ = {isa = PBXBuildFile; fileRef = 9EA8843326068216002A59E2 /* RouterProtocol.swift */; };
		9EA8843C26068233002A59E2 /* Router.swift in Sources */ = {isa = PBXBuildFile; fileRef = 9EA8843B26068233002A59E2 /* Router.swift */; };
		9EA8844126068270002A59E2 /* Routed.swift in Sources */ = {isa = PBXBuildFile; fileRef = 9EA8844026068270002A59E2 /* Routed.swift */; };
		9EA88452260683AB002A59E2 /* NavigationController.swift in Sources */ = {isa = PBXBuildFile; fileRef = 9EA88451260683AB002A59E2 /* NavigationController.swift */; };
		9EA8845A260683FA002A59E2 /* TabBarController.swift in Sources */ = {isa = PBXBuildFile; fileRef = 9EA88459260683FA002A59E2 /* TabBarController.swift */; };
		9EA8845F2606842D002A59E2 /* AuthViewController.swift in Sources */ = {isa = PBXBuildFile; fileRef = 9EA8845E2606842D002A59E2 /* AuthViewController.swift */; };
		9EA8846426068467002A59E2 /* RegViewController.swift in Sources */ = {isa = PBXBuildFile; fileRef = 9EA8846326068467002A59E2 /* RegViewController.swift */; };
		9EA8846926068480002A59E2 /* AboutViewController.swift in Sources */ = {isa = PBXBuildFile; fileRef = 9EA8846826068480002A59E2 /* AboutViewController.swift */; };
		9EA884702606850A002A59E2 /* UIFontExtensions.swift in Sources */ = {isa = PBXBuildFile; fileRef = 9EA8846F2606850A002A59E2 /* UIFontExtensions.swift */; };
		9EA884832606856F002A59E2 /* ActivityViewController.swift in Sources */ = {isa = PBXBuildFile; fileRef = 9EA884822606856F002A59E2 /* ActivityViewController.swift */; };
		9EA884882606858C002A59E2 /* NewActivityViewController.swift in Sources */ = {isa = PBXBuildFile; fileRef = 9EA884872606858C002A59E2 /* NewActivityViewController.swift */; };
		9EA8848D260685A5002A59E2 /* ChoosingActivityViewController.swift in Sources */ = {isa = PBXBuildFile; fileRef = 9EA8848C260685A5002A59E2 /* ChoosingActivityViewController.swift */; };
		9EA88492260685C7002A59E2 /* ChoosingCoachViewController.swift in Sources */ = {isa = PBXBuildFile; fileRef = 9EA88491260685C7002A59E2 /* ChoosingCoachViewController.swift */; };
		9EA88497260685D9002A59E2 /* HistoryViewController.swift in Sources */ = {isa = PBXBuildFile; fileRef = 9EA88496260685D9002A59E2 /* HistoryViewController.swift */; };
		9EA8849C260685F0002A59E2 /* SettingsViewController.swift in Sources */ = {isa = PBXBuildFile; fileRef = 9EA8849B260685F0002A59E2 /* SettingsViewController.swift */; };
		9EA884A126068609002A59E2 /* ChangePasswordViewController.swift in Sources */ = {isa = PBXBuildFile; fileRef = 9EA884A026068609002A59E2 /* ChangePasswordViewController.swift */; };
		9EA884A8260686DF002A59E2 /* BaseCoordinator.swift in Sources */ = {isa = PBXBuildFile; fileRef = 9EA884A7260686DF002A59E2 /* BaseCoordinator.swift */; };
		9EA884AD260686E8002A59E2 /* Coordinator.swift in Sources */ = {isa = PBXBuildFile; fileRef = 9EA884AC260686E8002A59E2 /* Coordinator.swift */; };
		9EA884B226068709002A59E2 /* FinishFlowCoordinator.swift in Sources */ = {isa = PBXBuildFile; fileRef = 9EA884B126068709002A59E2 /* FinishFlowCoordinator.swift */; };
		9EA884BB26068795002A59E2 /* ApplicationCoordinator.swift in Sources */ = {isa = PBXBuildFile; fileRef = 9EA884BA26068795002A59E2 /* ApplicationCoordinator.swift */; };
		9EA884C3260687D1002A59E2 /* ApplicationCoordinatorFactory.swift in Sources */ = {isa = PBXBuildFile; fileRef = 9EA884C2260687D1002A59E2 /* ApplicationCoordinatorFactory.swift */; };
		9EA884C926068819002A59E2 /* AuthCoordinator.swift in Sources */ = {isa = PBXBuildFile; fileRef = 9EA884C826068819002A59E2 /* AuthCoordinator.swift */; };
		9EA884D126068838002A59E2 /* AuthCoordinatorFactory.swift in Sources */ = {isa = PBXBuildFile; fileRef = 9EA884D026068838002A59E2 /* AuthCoordinatorFactory.swift */; };
		9EA884D72606888F002A59E2 /* TabBarCoordinator.swift in Sources */ = {isa = PBXBuildFile; fileRef = 9EA884D62606888F002A59E2 /* TabBarCoordinator.swift */; };
		9EA884DC260688AA002A59E2 /* TabBarCoordinatorFactory.swift in Sources */ = {isa = PBXBuildFile; fileRef = 9EA884DB260688AA002A59E2 /* TabBarCoordinatorFactory.swift */; };
		9EA884E2260688F4002A59E2 /* AboutCoordinator.swift in Sources */ = {isa = PBXBuildFile; fileRef = 9EA884E1260688F4002A59E2 /* AboutCoordinator.swift */; };
		9EA884EA2606890B002A59E2 /* AboutCoordinatorFactory.swift in Sources */ = {isa = PBXBuildFile; fileRef = 9EA884E92606890B002A59E2 /* AboutCoordinatorFactory.swift */; };
		9EA884F026068943002A59E2 /* CoachesCoordinator.swift in Sources */ = {isa = PBXBuildFile; fileRef = 9EA884EF26068943002A59E2 /* CoachesCoordinator.swift */; };
		9EA884F52606894F002A59E2 /* CoachesCoordinatorFactory.swift in Sources */ = {isa = PBXBuildFile; fileRef = 9EA884F42606894F002A59E2 /* CoachesCoordinatorFactory.swift */; };
		9EA884FB260689AE002A59E2 /* ActivityCoordinator.swift in Sources */ = {isa = PBXBuildFile; fileRef = 9EA884FA260689AE002A59E2 /* ActivityCoordinator.swift */; };
		9EA88500260689EA002A59E2 /* ActivityCoordinatorFactory.swift in Sources */ = {isa = PBXBuildFile; fileRef = 9EA884FF260689EA002A59E2 /* ActivityCoordinatorFactory.swift */; };
		9EA8850626068A0C002A59E2 /* HistoryCoordinator.swift in Sources */ = {isa = PBXBuildFile; fileRef = 9EA8850526068A0C002A59E2 /* HistoryCoordinator.swift */; };
		9EA8850E26068A22002A59E2 /* HistoryFactoryProtocol.swift in Sources */ = {isa = PBXBuildFile; fileRef = 9EA8850D26068A22002A59E2 /* HistoryFactoryProtocol.swift */; };
		9EA8851426068A4B002A59E2 /* SettingsCoordinator.swift in Sources */ = {isa = PBXBuildFile; fileRef = 9EA8851326068A4B002A59E2 /* SettingsCoordinator.swift */; };
		9EA8851926068A60002A59E2 /* SettingsCoordinatorFactory.swift in Sources */ = {isa = PBXBuildFile; fileRef = 9EA8851826068A60002A59E2 /* SettingsCoordinatorFactory.swift */; };
		CDA38223AE70CB8FE96DA12B /* Pods_FightAcademyTests.framework in Frameworks */ = {isa = PBXBuildFile; fileRef = D9E966CBB0B4BB88BE828FF7 /* Pods_FightAcademyTests.framework */; };
		CFF26CA13FF00445C82B664B /* Pods_FightAcademy.framework in Frameworks */ = {isa = PBXBuildFile; fileRef = B568C48F62C13747CFE66D40 /* Pods_FightAcademy.framework */; };
		D9C1358052FDDF0EA865A3C3 /* Pods_FightAcademy_FightAcademyUITests.framework in Frameworks */ = {isa = PBXBuildFile; fileRef = 2098853A5E86CBDAA2E58BC5 /* Pods_FightAcademy_FightAcademyUITests.framework */; };
/* End PBXBuildFile section */

/* Begin PBXContainerItemProxy section */
		4B3A6BF22603CE3F00B99CF0 /* PBXContainerItemProxy */ = {
			isa = PBXContainerItemProxy;
			containerPortal = 4B3A6BD02603CE3900B99CF0 /* Project object */;
			proxyType = 1;
			remoteGlobalIDString = 4B3A6BD72603CE3900B99CF0;
			remoteInfo = FightAcademy;
		};
		4B3A6BFD2603CE3F00B99CF0 /* PBXContainerItemProxy */ = {
			isa = PBXContainerItemProxy;
			containerPortal = 4B3A6BD02603CE3900B99CF0 /* Project object */;
			proxyType = 1;
			remoteGlobalIDString = 4B3A6BD72603CE3900B99CF0;
			remoteInfo = FightAcademy;
		};
/* End PBXContainerItemProxy section */

/* Begin PBXFileReference section */
		2098853A5E86CBDAA2E58BC5 /* Pods_FightAcademy_FightAcademyUITests.framework */ = {isa = PBXFileReference; explicitFileType = wrapper.framework; includeInIndex = 0; path = Pods_FightAcademy_FightAcademyUITests.framework; sourceTree = BUILT_PRODUCTS_DIR; };
		237C2ACCF09599F70920D054 /* Pods-FightAcademyTests.debug.xcconfig */ = {isa = PBXFileReference; includeInIndex = 1; lastKnownFileType = text.xcconfig; name = "Pods-FightAcademyTests.debug.xcconfig"; path = "Target Support Files/Pods-FightAcademyTests/Pods-FightAcademyTests.debug.xcconfig"; sourceTree = "<group>"; };
		2D7A4FE45A1F402DBF6B2C3E /* Pods-FightAcademy-FightAcademyUITests.debug.xcconfig */ = {isa = PBXFileReference; includeInIndex = 1; lastKnownFileType = text.xcconfig; name = "Pods-FightAcademy-FightAcademyUITests.debug.xcconfig"; path = "Target Support Files/Pods-FightAcademy-FightAcademyUITests/Pods-FightAcademy-FightAcademyUITests.debug.xcconfig"; sourceTree = "<group>"; };
		300809C2D22046E0069F3F5A /* Pods-FightAcademyTests.release.xcconfig */ = {isa = PBXFileReference; includeInIndex = 1; lastKnownFileType = text.xcconfig; name = "Pods-FightAcademyTests.release.xcconfig"; path = "Target Support Files/Pods-FightAcademyTests/Pods-FightAcademyTests.release.xcconfig"; sourceTree = "<group>"; };
		449D1E5322AEE6898792F26A /* Pods-FightAcademy.release.xcconfig */ = {isa = PBXFileReference; includeInIndex = 1; lastKnownFileType = text.xcconfig; name = "Pods-FightAcademy.release.xcconfig"; path = "Target Support Files/Pods-FightAcademy/Pods-FightAcademy.release.xcconfig"; sourceTree = "<group>"; };
		45AD68042E6F14392D6D52ED /* Pods-FightAcademy-FightAcademyUITests.release.xcconfig */ = {isa = PBXFileReference; includeInIndex = 1; lastKnownFileType = text.xcconfig; name = "Pods-FightAcademy-FightAcademyUITests.release.xcconfig"; path = "Target Support Files/Pods-FightAcademy-FightAcademyUITests/Pods-FightAcademy-FightAcademyUITests.release.xcconfig"; sourceTree = "<group>"; };
		4B3A6BD82603CE3900B99CF0 /* FightAcademy.app */ = {isa = PBXFileReference; explicitFileType = wrapper.application; includeInIndex = 0; path = FightAcademy.app; sourceTree = BUILT_PRODUCTS_DIR; };
		4B3A6BE52603CE3900B99CF0 /* FightAcademy.xcdatamodel */ = {isa = PBXFileReference; lastKnownFileType = wrapper.xcdatamodel; path = FightAcademy.xcdatamodel; sourceTree = "<group>"; };
		4B3A6BEA2603CE3E00B99CF0 /* Base */ = {isa = PBXFileReference; lastKnownFileType = file.storyboard; name = Base; path = Base.lproj/LaunchScreen.storyboard; sourceTree = "<group>"; };
		4B3A6BEC2603CE3E00B99CF0 /* Info.plist */ = {isa = PBXFileReference; lastKnownFileType = text.plist.xml; path = Info.plist; sourceTree = "<group>"; };
		4B3A6BF12603CE3F00B99CF0 /* FightAcademyTests.xctest */ = {isa = PBXFileReference; explicitFileType = wrapper.cfbundle; includeInIndex = 0; path = FightAcademyTests.xctest; sourceTree = BUILT_PRODUCTS_DIR; };
		4B3A6BF52603CE3F00B99CF0 /* FightAcademyTests.swift */ = {isa = PBXFileReference; lastKnownFileType = sourcecode.swift; path = FightAcademyTests.swift; sourceTree = "<group>"; };
		4B3A6BF72603CE3F00B99CF0 /* Info.plist */ = {isa = PBXFileReference; lastKnownFileType = text.plist.xml; path = Info.plist; sourceTree = "<group>"; };
		4B3A6BFC2603CE3F00B99CF0 /* FightAcademyUITests.xctest */ = {isa = PBXFileReference; explicitFileType = wrapper.cfbundle; includeInIndex = 0; path = FightAcademyUITests.xctest; sourceTree = BUILT_PRODUCTS_DIR; };
		4B3A6C002603CE3F00B99CF0 /* FightAcademyUITests.swift */ = {isa = PBXFileReference; lastKnownFileType = sourcecode.swift; path = FightAcademyUITests.swift; sourceTree = "<group>"; };
		4B3A6C022603CE3F00B99CF0 /* Info.plist */ = {isa = PBXFileReference; lastKnownFileType = text.plist.xml; path = Info.plist; sourceTree = "<group>"; };
		4B3A6C172603D58700B99CF0 /* GoogleService-Info.plist */ = {isa = PBXFileReference; fileEncoding = 4; lastKnownFileType = text.plist.xml; path = "GoogleService-Info.plist"; sourceTree = "<group>"; };
		4B3A6C462606366E00B99CF0 /* CoachTableViewCell.swift */ = {isa = PBXFileReference; lastKnownFileType = sourcecode.swift; path = CoachTableViewCell.swift; sourceTree = "<group>"; };
		4B3A6C472606366E00B99CF0 /* CoachTableViewCell.xib */ = {isa = PBXFileReference; lastKnownFileType = file.xib; path = CoachTableViewCell.xib; sourceTree = "<group>"; };
		4B3A6C5326063E0D00B99CF0 /* Assets.xcassets */ = {isa = PBXFileReference; lastKnownFileType = folder.assetcatalog; path = Assets.xcassets; sourceTree = "<group>"; };
		4B3A6C582606734D00B99CF0 /* CoachMock.swift */ = {isa = PBXFileReference; lastKnownFileType = sourcecode.swift; path = CoachMock.swift; sourceTree = "<group>"; };
		4B3A6C5E260674A100B99CF0 /* ReusableCell.swift */ = {isa = PBXFileReference; fileEncoding = 4; lastKnownFileType = sourcecode.swift; path = ReusableCell.swift; sourceTree = "<group>"; };
		4B3A6C5F260674A100B99CF0 /* ConfigurableCell.swift */ = {isa = PBXFileReference; fileEncoding = 4; lastKnownFileType = sourcecode.swift; path = ConfigurableCell.swift; sourceTree = "<group>"; };
		4B3A6C66260732DB00B99CF0 /* CoachDataSourse.swift */ = {isa = PBXFileReference; lastKnownFileType = sourcecode.swift; path = CoachDataSourse.swift; sourceTree = "<group>"; };
		4B3A6C772607416900B99CF0 /* SceneDelegate.swift */ = {isa = PBXFileReference; fileEncoding = 4; lastKnownFileType = sourcecode.swift; path = SceneDelegate.swift; sourceTree = "<group>"; };
		4B3A6C782607416A00B99CF0 /* AppDelegate.swift */ = {isa = PBXFileReference; fileEncoding = 4; lastKnownFileType = sourcecode.swift; path = AppDelegate.swift; sourceTree = "<group>"; };
		4B3A6C9B260747A500B99CF0 /* CoachViewController.swift */ = {isa = PBXFileReference; lastKnownFileType = sourcecode.swift; path = CoachViewController.swift; sourceTree = "<group>"; };
		4B3A6C9C260747A500B99CF0 /* CoachViewController.xib */ = {isa = PBXFileReference; lastKnownFileType = file.xib; path = CoachViewController.xib; sourceTree = "<group>"; };
		4B59448B260A8FAF0096FB9F /* TimeSlot.swift */ = {isa = PBXFileReference; lastKnownFileType = sourcecode.swift; path = TimeSlot.swift; sourceTree = "<group>"; };
		4B5FE59E260B3E0B004B336C /* BookingDataSourse.swift */ = {isa = PBXFileReference; lastKnownFileType = sourcecode.swift; path = BookingDataSourse.swift; sourceTree = "<group>"; };
		4BB86461260A8B1E003198CA /* TimeCollectionViewCell.swift */ = {isa = PBXFileReference; lastKnownFileType = sourcecode.swift; path = TimeCollectionViewCell.swift; sourceTree = "<group>"; };
		4BB86462260A8B1E003198CA /* TimeCollectionViewCell.xib */ = {isa = PBXFileReference; lastKnownFileType = file.xib; path = TimeCollectionViewCell.xib; sourceTree = "<group>"; };
		4BF53EA7260771F2002166D4 /* UIView+IBInspectable.swift */ = {isa = PBXFileReference; fileEncoding = 4; lastKnownFileType = sourcecode.swift; path = "UIView+IBInspectable.swift"; sourceTree = "<group>"; };
		4BF53EF326079CE1002166D4 /* String+Size.swift */ = {isa = PBXFileReference; lastKnownFileType = sourcecode.swift; path = "String+Size.swift"; sourceTree = "<group>"; };
		4BF53EFC2608A6E4002166D4 /* BookingActivityViewController.swift */ = {isa = PBXFileReference; lastKnownFileType = sourcecode.swift; path = BookingActivityViewController.swift; sourceTree = "<group>"; };
		4BF53EFD2608A6E4002166D4 /* BookingActivityViewController.xib */ = {isa = PBXFileReference; lastKnownFileType = file.xib; path = BookingActivityViewController.xib; sourceTree = "<group>"; };
		9EA8843326068216002A59E2 /* RouterProtocol.swift */ = {isa = PBXFileReference; lastKnownFileType = sourcecode.swift; path = RouterProtocol.swift; sourceTree = "<group>"; };
		9EA8843B26068233002A59E2 /* Router.swift */ = {isa = PBXFileReference; lastKnownFileType = sourcecode.swift; path = Router.swift; sourceTree = "<group>"; };
		9EA8844026068270002A59E2 /* Routed.swift */ = {isa = PBXFileReference; lastKnownFileType = sourcecode.swift; path = Routed.swift; sourceTree = "<group>"; };
		9EA88451260683AB002A59E2 /* NavigationController.swift */ = {isa = PBXFileReference; lastKnownFileType = sourcecode.swift; path = NavigationController.swift; sourceTree = "<group>"; };
		9EA88459260683FA002A59E2 /* TabBarController.swift */ = {isa = PBXFileReference; lastKnownFileType = sourcecode.swift; path = TabBarController.swift; sourceTree = "<group>"; };
		9EA8845E2606842D002A59E2 /* AuthViewController.swift */ = {isa = PBXFileReference; lastKnownFileType = sourcecode.swift; path = AuthViewController.swift; sourceTree = "<group>"; };
		9EA8846326068467002A59E2 /* RegViewController.swift */ = {isa = PBXFileReference; lastKnownFileType = sourcecode.swift; path = RegViewController.swift; sourceTree = "<group>"; };
		9EA8846826068480002A59E2 /* AboutViewController.swift */ = {isa = PBXFileReference; lastKnownFileType = sourcecode.swift; path = AboutViewController.swift; sourceTree = "<group>"; };
		9EA8846F2606850A002A59E2 /* UIFontExtensions.swift */ = {isa = PBXFileReference; lastKnownFileType = sourcecode.swift; path = UIFontExtensions.swift; sourceTree = "<group>"; };
		9EA884822606856F002A59E2 /* ActivityViewController.swift */ = {isa = PBXFileReference; lastKnownFileType = sourcecode.swift; path = ActivityViewController.swift; sourceTree = "<group>"; };
		9EA884872606858C002A59E2 /* NewActivityViewController.swift */ = {isa = PBXFileReference; lastKnownFileType = sourcecode.swift; path = NewActivityViewController.swift; sourceTree = "<group>"; };
		9EA8848C260685A5002A59E2 /* ChoosingActivityViewController.swift */ = {isa = PBXFileReference; lastKnownFileType = sourcecode.swift; path = ChoosingActivityViewController.swift; sourceTree = "<group>"; };
		9EA88491260685C7002A59E2 /* ChoosingCoachViewController.swift */ = {isa = PBXFileReference; lastKnownFileType = sourcecode.swift; path = ChoosingCoachViewController.swift; sourceTree = "<group>"; };
		9EA88496260685D9002A59E2 /* HistoryViewController.swift */ = {isa = PBXFileReference; lastKnownFileType = sourcecode.swift; path = HistoryViewController.swift; sourceTree = "<group>"; };
		9EA8849B260685F0002A59E2 /* SettingsViewController.swift */ = {isa = PBXFileReference; lastKnownFileType = sourcecode.swift; path = SettingsViewController.swift; sourceTree = "<group>"; };
		9EA884A026068609002A59E2 /* ChangePasswordViewController.swift */ = {isa = PBXFileReference; lastKnownFileType = sourcecode.swift; path = ChangePasswordViewController.swift; sourceTree = "<group>"; };
		9EA884A7260686DF002A59E2 /* BaseCoordinator.swift */ = {isa = PBXFileReference; lastKnownFileType = sourcecode.swift; path = BaseCoordinator.swift; sourceTree = "<group>"; };
		9EA884AC260686E8002A59E2 /* Coordinator.swift */ = {isa = PBXFileReference; lastKnownFileType = sourcecode.swift; path = Coordinator.swift; sourceTree = "<group>"; };
		9EA884B126068709002A59E2 /* FinishFlowCoordinator.swift */ = {isa = PBXFileReference; lastKnownFileType = sourcecode.swift; path = FinishFlowCoordinator.swift; sourceTree = "<group>"; };
		9EA884BA26068795002A59E2 /* ApplicationCoordinator.swift */ = {isa = PBXFileReference; lastKnownFileType = sourcecode.swift; path = ApplicationCoordinator.swift; sourceTree = "<group>"; };
		9EA884C2260687D1002A59E2 /* ApplicationCoordinatorFactory.swift */ = {isa = PBXFileReference; lastKnownFileType = sourcecode.swift; path = ApplicationCoordinatorFactory.swift; sourceTree = "<group>"; };
		9EA884C826068819002A59E2 /* AuthCoordinator.swift */ = {isa = PBXFileReference; lastKnownFileType = sourcecode.swift; path = AuthCoordinator.swift; sourceTree = "<group>"; };
		9EA884D026068838002A59E2 /* AuthCoordinatorFactory.swift */ = {isa = PBXFileReference; lastKnownFileType = sourcecode.swift; path = AuthCoordinatorFactory.swift; sourceTree = "<group>"; };
		9EA884D62606888F002A59E2 /* TabBarCoordinator.swift */ = {isa = PBXFileReference; lastKnownFileType = sourcecode.swift; path = TabBarCoordinator.swift; sourceTree = "<group>"; };
		9EA884DB260688AA002A59E2 /* TabBarCoordinatorFactory.swift */ = {isa = PBXFileReference; lastKnownFileType = sourcecode.swift; path = TabBarCoordinatorFactory.swift; sourceTree = "<group>"; };
		9EA884E1260688F4002A59E2 /* AboutCoordinator.swift */ = {isa = PBXFileReference; lastKnownFileType = sourcecode.swift; path = AboutCoordinator.swift; sourceTree = "<group>"; };
		9EA884E92606890B002A59E2 /* AboutCoordinatorFactory.swift */ = {isa = PBXFileReference; lastKnownFileType = sourcecode.swift; path = AboutCoordinatorFactory.swift; sourceTree = "<group>"; };
		9EA884EF26068943002A59E2 /* CoachesCoordinator.swift */ = {isa = PBXFileReference; lastKnownFileType = sourcecode.swift; path = CoachesCoordinator.swift; sourceTree = "<group>"; };
		9EA884F42606894F002A59E2 /* CoachesCoordinatorFactory.swift */ = {isa = PBXFileReference; lastKnownFileType = sourcecode.swift; path = CoachesCoordinatorFactory.swift; sourceTree = "<group>"; };
		9EA884FA260689AE002A59E2 /* ActivityCoordinator.swift */ = {isa = PBXFileReference; lastKnownFileType = sourcecode.swift; path = ActivityCoordinator.swift; sourceTree = "<group>"; };
		9EA884FF260689EA002A59E2 /* ActivityCoordinatorFactory.swift */ = {isa = PBXFileReference; lastKnownFileType = sourcecode.swift; path = ActivityCoordinatorFactory.swift; sourceTree = "<group>"; };
		9EA8850526068A0C002A59E2 /* HistoryCoordinator.swift */ = {isa = PBXFileReference; lastKnownFileType = sourcecode.swift; path = HistoryCoordinator.swift; sourceTree = "<group>"; };
		9EA8850D26068A22002A59E2 /* HistoryFactoryProtocol.swift */ = {isa = PBXFileReference; lastKnownFileType = sourcecode.swift; path = HistoryFactoryProtocol.swift; sourceTree = "<group>"; };
		9EA8851326068A4B002A59E2 /* SettingsCoordinator.swift */ = {isa = PBXFileReference; lastKnownFileType = sourcecode.swift; path = SettingsCoordinator.swift; sourceTree = "<group>"; };
		9EA8851826068A60002A59E2 /* SettingsCoordinatorFactory.swift */ = {isa = PBXFileReference; lastKnownFileType = sourcecode.swift; path = SettingsCoordinatorFactory.swift; sourceTree = "<group>"; };
		A1B45D15AB09032B774C8168 /* Pods-FightAcademy.debug.xcconfig */ = {isa = PBXFileReference; includeInIndex = 1; lastKnownFileType = text.xcconfig; name = "Pods-FightAcademy.debug.xcconfig"; path = "Target Support Files/Pods-FightAcademy/Pods-FightAcademy.debug.xcconfig"; sourceTree = "<group>"; };
		B568C48F62C13747CFE66D40 /* Pods_FightAcademy.framework */ = {isa = PBXFileReference; explicitFileType = wrapper.framework; includeInIndex = 0; path = Pods_FightAcademy.framework; sourceTree = BUILT_PRODUCTS_DIR; };
		D9E966CBB0B4BB88BE828FF7 /* Pods_FightAcademyTests.framework */ = {isa = PBXFileReference; explicitFileType = wrapper.framework; includeInIndex = 0; path = Pods_FightAcademyTests.framework; sourceTree = BUILT_PRODUCTS_DIR; };
/* End PBXFileReference section */

/* Begin PBXFrameworksBuildPhase section */
		4B3A6BD52603CE3900B99CF0 /* Frameworks */ = {
			isa = PBXFrameworksBuildPhase;
			buildActionMask = 2147483647;
			files = (
				CFF26CA13FF00445C82B664B /* Pods_FightAcademy.framework in Frameworks */,
			);
			runOnlyForDeploymentPostprocessing = 0;
		};
		4B3A6BEE2603CE3F00B99CF0 /* Frameworks */ = {
			isa = PBXFrameworksBuildPhase;
			buildActionMask = 2147483647;
			files = (
				CDA38223AE70CB8FE96DA12B /* Pods_FightAcademyTests.framework in Frameworks */,
			);
			runOnlyForDeploymentPostprocessing = 0;
		};
		4B3A6BF92603CE3F00B99CF0 /* Frameworks */ = {
			isa = PBXFrameworksBuildPhase;
			buildActionMask = 2147483647;
			files = (
				D9C1358052FDDF0EA865A3C3 /* Pods_FightAcademy_FightAcademyUITests.framework in Frameworks */,
			);
			runOnlyForDeploymentPostprocessing = 0;
		};
/* End PBXFrameworksBuildPhase section */

/* Begin PBXGroup section */
		3D469A606DBC92AC5E4E6F0D /* Frameworks */ = {
			isa = PBXGroup;
			children = (
				B568C48F62C13747CFE66D40 /* Pods_FightAcademy.framework */,
				2098853A5E86CBDAA2E58BC5 /* Pods_FightAcademy_FightAcademyUITests.framework */,
				D9E966CBB0B4BB88BE828FF7 /* Pods_FightAcademyTests.framework */,
			);
			name = Frameworks;
			sourceTree = "<group>";
		};
		4B3A6BCF2603CE3900B99CF0 = {
			isa = PBXGroup;
			children = (
				4B3A6BDA2603CE3900B99CF0 /* FightAcademy */,
				4B3A6BF42603CE3F00B99CF0 /* FightAcademyTests */,
				4B3A6BFF2603CE3F00B99CF0 /* FightAcademyUITests */,
				4B3A6BD92603CE3900B99CF0 /* Products */,
				B2E784A1A163BFA2FD703417 /* Pods */,
				3D469A606DBC92AC5E4E6F0D /* Frameworks */,
			);
			sourceTree = "<group>";
		};
		4B3A6BD92603CE3900B99CF0 /* Products */ = {
			isa = PBXGroup;
			children = (
				4B3A6BD82603CE3900B99CF0 /* FightAcademy.app */,
				4B3A6BF12603CE3F00B99CF0 /* FightAcademyTests.xctest */,
				4B3A6BFC2603CE3F00B99CF0 /* FightAcademyUITests.xctest */,
			);
			name = Products;
			sourceTree = "<group>";
		};
		4B3A6BDA2603CE3900B99CF0 /* FightAcademy */ = {
			isa = PBXGroup;
			children = (
				9EA8842A26067C5C002A59E2 /* Application */,
				9EA88431260680B7002A59E2 /* Navigation */,
				9EA88445260682FA002A59E2 /* Controllers */,
				9EA8846D260684F0002A59E2 /* Extensions */,
				4B3A6C5D2606748B00B99CF0 /* Protocols */,
				4B3A6BE92603CE3E00B99CF0 /* LaunchScreen.storyboard */,
				4B3A6BEC2603CE3E00B99CF0 /* Info.plist */,
				4B3A6C172603D58700B99CF0 /* GoogleService-Info.plist */,
				4B3A6C5326063E0D00B99CF0 /* Assets.xcassets */,
				4B3A6BE42603CE3900B99CF0 /* FightAcademy.xcdatamodeld */,
			);
			path = FightAcademy;
			sourceTree = "<group>";
		};
		4B3A6BF42603CE3F00B99CF0 /* FightAcademyTests */ = {
			isa = PBXGroup;
			children = (
				4B3A6BF52603CE3F00B99CF0 /* FightAcademyTests.swift */,
				4B3A6BF72603CE3F00B99CF0 /* Info.plist */,
			);
			path = FightAcademyTests;
			sourceTree = "<group>";
		};
		4B3A6BFF2603CE3F00B99CF0 /* FightAcademyUITests */ = {
			isa = PBXGroup;
			children = (
				4B3A6C002603CE3F00B99CF0 /* FightAcademyUITests.swift */,
				4B3A6C022603CE3F00B99CF0 /* Info.plist */,
			);
			path = FightAcademyUITests;
			sourceTree = "<group>";
		};
		4B3A6C45260635A600B99CF0 /* Coaches */ = {
			isa = PBXGroup;
			children = (
				4B3A6C462606366E00B99CF0 /* CoachTableViewCell.swift */,
				4B3A6C472606366E00B99CF0 /* CoachTableViewCell.xib */,
				4B3A6C582606734D00B99CF0 /* CoachMock.swift */,
				4B3A6C66260732DB00B99CF0 /* CoachDataSourse.swift */,
				4B3A6C9B260747A500B99CF0 /* CoachViewController.swift */,
				4B3A6C9C260747A500B99CF0 /* CoachViewController.xib */,
			);
			path = Coaches;
			sourceTree = "<group>";
		};
		4B3A6C5D2606748B00B99CF0 /* Protocols */ = {
			isa = PBXGroup;
			children = (
				4B3A6C5F260674A100B99CF0 /* ConfigurableCell.swift */,
				4B3A6C5E260674A100B99CF0 /* ReusableCell.swift */,
			);
			path = Protocols;
			sourceTree = "<group>";
		};
		4BF53EFB2608A680002166D4 /* Booking */ = {
			isa = PBXGroup;
			children = (
				4BF53EFC2608A6E4002166D4 /* BookingActivityViewController.swift */,
				4BF53EFD2608A6E4002166D4 /* BookingActivityViewController.xib */,
				4BB86461260A8B1E003198CA /* TimeCollectionViewCell.swift */,
				4BB86462260A8B1E003198CA /* TimeCollectionViewCell.xib */,
				4B59448B260A8FAF0096FB9F /* TimeSlot.swift */,
				4B5FE59E260B3E0B004B336C /* BookingDataSourse.swift */,
			);
			path = Booking;
			sourceTree = "<group>";
		};
		9EA8842A26067C5C002A59E2 /* Application */ = {
			isa = PBXGroup;
			children = (
				4B3A6C782607416A00B99CF0 /* AppDelegate.swift */,
				4B3A6C772607416900B99CF0 /* SceneDelegate.swift */,
			);
			path = Application;
			sourceTree = "<group>";
		};
		9EA88431260680B7002A59E2 /* Navigation */ = {
			isa = PBXGroup;
			children = (
				9EA884322606816F002A59E2 /* Router */,
				9EA884A52606865C002A59E2 /* Coordinator */,
			);
			path = Navigation;
			sourceTree = "<group>";
		};
		9EA884322606816F002A59E2 /* Router */ = {
			isa = PBXGroup;
			children = (
				9EA8843326068216002A59E2 /* RouterProtocol.swift */,
				9EA8843B26068233002A59E2 /* Router.swift */,
				9EA8844026068270002A59E2 /* Routed.swift */,
			);
			path = Router;
			sourceTree = "<group>";
		};
		9EA88445260682FA002A59E2 /* Controllers */ = {
			isa = PBXGroup;
			children = (
				4BF53EFB2608A680002166D4 /* Booking */,
				4B3A6C45260635A600B99CF0 /* Coaches */,
				9EA8845026068395002A59E2 /* Wrappers */,
				9EA8845E2606842D002A59E2 /* AuthViewController.swift */,
				9EA8846326068467002A59E2 /* RegViewController.swift */,
				9EA8846826068480002A59E2 /* AboutViewController.swift */,
				9EA884822606856F002A59E2 /* ActivityViewController.swift */,
				9EA884872606858C002A59E2 /* NewActivityViewController.swift */,
				9EA8848C260685A5002A59E2 /* ChoosingActivityViewController.swift */,
				9EA88491260685C7002A59E2 /* ChoosingCoachViewController.swift */,
				9EA88496260685D9002A59E2 /* HistoryViewController.swift */,
				9EA8849B260685F0002A59E2 /* SettingsViewController.swift */,
				9EA884A026068609002A59E2 /* ChangePasswordViewController.swift */,
			);
			path = Controllers;
			sourceTree = "<group>";
		};
		9EA8845026068395002A59E2 /* Wrappers */ = {
			isa = PBXGroup;
			children = (
				9EA88451260683AB002A59E2 /* NavigationController.swift */,
				9EA88459260683FA002A59E2 /* TabBarController.swift */,
			);
			path = Wrappers;
			sourceTree = "<group>";
		};
		9EA8846D260684F0002A59E2 /* Extensions */ = {
			isa = PBXGroup;
			children = (
				9EA8846E260684F9002A59E2 /* UIKit */,
			);
			path = Extensions;
			sourceTree = "<group>";
		};
		9EA8846E260684F9002A59E2 /* UIKit */ = {
			isa = PBXGroup;
			children = (
				4BF53EA7260771F2002166D4 /* UIView+IBInspectable.swift */,
				9EA8846F2606850A002A59E2 /* UIFontExtensions.swift */,
				4BF53EF326079CE1002166D4 /* String+Size.swift */,
			);
			path = UIKit;
			sourceTree = "<group>";
		};
		9EA884A52606865C002A59E2 /* Coordinator */ = {
			isa = PBXGroup;
			children = (
				9EA884A626068670002A59E2 /* Common */,
				9EA884B926068781002A59E2 /* ApplicationCoordinator */,
				9EA884C726068800002A59E2 /* AuthCoordinator */,
				9EA884D526068867002A59E2 /* TabBarCoordinator */,
				9EA884E0260688E6002A59E2 /* AboutCoordinator */,
				9EA884EE2606892C002A59E2 /* CoachesCoordinator */,
				9EA884F9260689A0002A59E2 /* ActivityCoordinator */,
				9EA88504260689FD002A59E2 /* HistoryCoordinator */,
				9EA8851226068A38002A59E2 /* SettingsCoordinator */,
			);
			path = Coordinator;
			sourceTree = "<group>";
		};
		9EA884A626068670002A59E2 /* Common */ = {
			isa = PBXGroup;
			children = (
				9EA884AC260686E8002A59E2 /* Coordinator.swift */,
				9EA884A7260686DF002A59E2 /* BaseCoordinator.swift */,
				9EA884B126068709002A59E2 /* FinishFlowCoordinator.swift */,
			);
			path = Common;
			sourceTree = "<group>";
		};
		9EA884B926068781002A59E2 /* ApplicationCoordinator */ = {
			isa = PBXGroup;
			children = (
				9EA884BA26068795002A59E2 /* ApplicationCoordinator.swift */,
				9EA884C2260687D1002A59E2 /* ApplicationCoordinatorFactory.swift */,
			);
			path = ApplicationCoordinator;
			sourceTree = "<group>";
		};
		9EA884C726068800002A59E2 /* AuthCoordinator */ = {
			isa = PBXGroup;
			children = (
				9EA884C826068819002A59E2 /* AuthCoordinator.swift */,
				9EA884D026068838002A59E2 /* AuthCoordinatorFactory.swift */,
			);
			path = AuthCoordinator;
			sourceTree = "<group>";
		};
		9EA884D526068867002A59E2 /* TabBarCoordinator */ = {
			isa = PBXGroup;
			children = (
				9EA884D62606888F002A59E2 /* TabBarCoordinator.swift */,
				9EA884DB260688AA002A59E2 /* TabBarCoordinatorFactory.swift */,
			);
			path = TabBarCoordinator;
			sourceTree = "<group>";
		};
		9EA884E0260688E6002A59E2 /* AboutCoordinator */ = {
			isa = PBXGroup;
			children = (
				9EA884E1260688F4002A59E2 /* AboutCoordinator.swift */,
				9EA884E92606890B002A59E2 /* AboutCoordinatorFactory.swift */,
			);
			path = AboutCoordinator;
			sourceTree = "<group>";
		};
		9EA884EE2606892C002A59E2 /* CoachesCoordinator */ = {
			isa = PBXGroup;
			children = (
				9EA884EF26068943002A59E2 /* CoachesCoordinator.swift */,
				9EA884F42606894F002A59E2 /* CoachesCoordinatorFactory.swift */,
			);
			path = CoachesCoordinator;
			sourceTree = "<group>";
		};
		9EA884F9260689A0002A59E2 /* ActivityCoordinator */ = {
			isa = PBXGroup;
			children = (
				9EA884FA260689AE002A59E2 /* ActivityCoordinator.swift */,
				9EA884FF260689EA002A59E2 /* ActivityCoordinatorFactory.swift */,
			);
			path = ActivityCoordinator;
			sourceTree = "<group>";
		};
		9EA88504260689FD002A59E2 /* HistoryCoordinator */ = {
			isa = PBXGroup;
			children = (
				9EA8850526068A0C002A59E2 /* HistoryCoordinator.swift */,
				9EA8850D26068A22002A59E2 /* HistoryFactoryProtocol.swift */,
			);
			path = HistoryCoordinator;
			sourceTree = "<group>";
		};
		9EA8851226068A38002A59E2 /* SettingsCoordinator */ = {
			isa = PBXGroup;
			children = (
				9EA8851326068A4B002A59E2 /* SettingsCoordinator.swift */,
				9EA8851826068A60002A59E2 /* SettingsCoordinatorFactory.swift */,
			);
			path = SettingsCoordinator;
			sourceTree = "<group>";
		};
		B2E784A1A163BFA2FD703417 /* Pods */ = {
			isa = PBXGroup;
			children = (
				A1B45D15AB09032B774C8168 /* Pods-FightAcademy.debug.xcconfig */,
				449D1E5322AEE6898792F26A /* Pods-FightAcademy.release.xcconfig */,
				2D7A4FE45A1F402DBF6B2C3E /* Pods-FightAcademy-FightAcademyUITests.debug.xcconfig */,
				45AD68042E6F14392D6D52ED /* Pods-FightAcademy-FightAcademyUITests.release.xcconfig */,
				237C2ACCF09599F70920D054 /* Pods-FightAcademyTests.debug.xcconfig */,
				300809C2D22046E0069F3F5A /* Pods-FightAcademyTests.release.xcconfig */,
			);
			path = Pods;
			sourceTree = "<group>";
		};
/* End PBXGroup section */

/* Begin PBXNativeTarget section */
		4B3A6BD72603CE3900B99CF0 /* FightAcademy */ = {
			isa = PBXNativeTarget;
			buildConfigurationList = 4B3A6C052603CE3F00B99CF0 /* Build configuration list for PBXNativeTarget "FightAcademy" */;
			buildPhases = (
				18ACD557927DCE37F196EAA0 /* [CP] Check Pods Manifest.lock */,
				4B3A6BD42603CE3900B99CF0 /* Sources */,
				4B3A6BD52603CE3900B99CF0 /* Frameworks */,
				4B3A6BD62603CE3900B99CF0 /* Resources */,
				2189DBEB33F4A02A22944EB7 /* [CP] Embed Pods Frameworks */,
				4BF53EC9260775C5002166D4 /* Swift lint */,
			);
			buildRules = (
			);
			dependencies = (
			);
			name = FightAcademy;
			packageProductDependencies = (
			);
			productName = FightAcademy;
			productReference = 4B3A6BD82603CE3900B99CF0 /* FightAcademy.app */;
			productType = "com.apple.product-type.application";
		};
		4B3A6BF02603CE3F00B99CF0 /* FightAcademyTests */ = {
			isa = PBXNativeTarget;
			buildConfigurationList = 4B3A6C082603CE3F00B99CF0 /* Build configuration list for PBXNativeTarget "FightAcademyTests" */;
			buildPhases = (
				3ACCCFE1997B1D43288EB56E /* [CP] Check Pods Manifest.lock */,
				4B3A6BED2603CE3F00B99CF0 /* Sources */,
				4B3A6BEE2603CE3F00B99CF0 /* Frameworks */,
				4B3A6BEF2603CE3F00B99CF0 /* Resources */,
			);
			buildRules = (
			);
			dependencies = (
				4B3A6BF32603CE3F00B99CF0 /* PBXTargetDependency */,
			);
			name = FightAcademyTests;
			productName = FightAcademyTests;
			productReference = 4B3A6BF12603CE3F00B99CF0 /* FightAcademyTests.xctest */;
			productType = "com.apple.product-type.bundle.unit-test";
		};
		4B3A6BFB2603CE3F00B99CF0 /* FightAcademyUITests */ = {
			isa = PBXNativeTarget;
			buildConfigurationList = 4B3A6C0B2603CE3F00B99CF0 /* Build configuration list for PBXNativeTarget "FightAcademyUITests" */;
			buildPhases = (
				40ECD76D5B44A5A67DA57C07 /* [CP] Check Pods Manifest.lock */,
				4B3A6BF82603CE3F00B99CF0 /* Sources */,
				4B3A6BF92603CE3F00B99CF0 /* Frameworks */,
				4B3A6BFA2603CE3F00B99CF0 /* Resources */,
				E44BFF28383741ACC550F8C9 /* [CP] Embed Pods Frameworks */,
			);
			buildRules = (
			);
			dependencies = (
				4B3A6BFE2603CE3F00B99CF0 /* PBXTargetDependency */,
			);
			name = FightAcademyUITests;
			productName = FightAcademyUITests;
			productReference = 4B3A6BFC2603CE3F00B99CF0 /* FightAcademyUITests.xctest */;
			productType = "com.apple.product-type.bundle.ui-testing";
		};
/* End PBXNativeTarget section */

/* Begin PBXProject section */
		4B3A6BD02603CE3900B99CF0 /* Project object */ = {
			isa = PBXProject;
			attributes = {
				LastSwiftUpdateCheck = 1220;
				LastUpgradeCheck = 1220;
				TargetAttributes = {
					4B3A6BD72603CE3900B99CF0 = {
						CreatedOnToolsVersion = 12.2;
					};
					4B3A6BF02603CE3F00B99CF0 = {
						CreatedOnToolsVersion = 12.2;
						TestTargetID = 4B3A6BD72603CE3900B99CF0;
					};
					4B3A6BFB2603CE3F00B99CF0 = {
						CreatedOnToolsVersion = 12.2;
						TestTargetID = 4B3A6BD72603CE3900B99CF0;
					};
				};
			};
			buildConfigurationList = 4B3A6BD32603CE3900B99CF0 /* Build configuration list for PBXProject "FightAcademy" */;
			compatibilityVersion = "Xcode 9.3";
			developmentRegion = en;
			hasScannedForEncodings = 0;
			knownRegions = (
				en,
				Base,
			);
			mainGroup = 4B3A6BCF2603CE3900B99CF0;
			packageReferences = (
			);
			productRefGroup = 4B3A6BD92603CE3900B99CF0 /* Products */;
			projectDirPath = "";
			projectRoot = "";
			targets = (
				4B3A6BD72603CE3900B99CF0 /* FightAcademy */,
				4B3A6BF02603CE3F00B99CF0 /* FightAcademyTests */,
				4B3A6BFB2603CE3F00B99CF0 /* FightAcademyUITests */,
			);
		};
/* End PBXProject section */

/* Begin PBXResourcesBuildPhase section */
		4B3A6BD62603CE3900B99CF0 /* Resources */ = {
			isa = PBXResourcesBuildPhase;
			buildActionMask = 2147483647;
			files = (
				4B3A6BEB2603CE3E00B99CF0 /* LaunchScreen.storyboard in Resources */,
				4BF53EFF2608A6E5002166D4 /* BookingActivityViewController.xib in Resources */,
				4B3A6C492606366E00B99CF0 /* CoachTableViewCell.xib in Resources */,
				4B3A6C91260742F200B99CF0 /* Assets.xcassets in Resources */,
				4B3A6C9E260747A500B99CF0 /* CoachViewController.xib in Resources */,
				4B3A6C182603D58700B99CF0 /* GoogleService-Info.plist in Resources */,
				4BB86464260A8B1E003198CA /* TimeCollectionViewCell.xib in Resources */,
			);
			runOnlyForDeploymentPostprocessing = 0;
		};
		4B3A6BEF2603CE3F00B99CF0 /* Resources */ = {
			isa = PBXResourcesBuildPhase;
			buildActionMask = 2147483647;
			files = (
			);
			runOnlyForDeploymentPostprocessing = 0;
		};
		4B3A6BFA2603CE3F00B99CF0 /* Resources */ = {
			isa = PBXResourcesBuildPhase;
			buildActionMask = 2147483647;
			files = (
			);
			runOnlyForDeploymentPostprocessing = 0;
		};
/* End PBXResourcesBuildPhase section */

/* Begin PBXShellScriptBuildPhase section */
		18ACD557927DCE37F196EAA0 /* [CP] Check Pods Manifest.lock */ = {
			isa = PBXShellScriptBuildPhase;
			buildActionMask = 2147483647;
			files = (
			);
			inputFileListPaths = (
			);
			inputPaths = (
				"${PODS_PODFILE_DIR_PATH}/Podfile.lock",
				"${PODS_ROOT}/Manifest.lock",
			);
			name = "[CP] Check Pods Manifest.lock";
			outputFileListPaths = (
			);
			outputPaths = (
				"$(DERIVED_FILE_DIR)/Pods-FightAcademy-checkManifestLockResult.txt",
			);
			runOnlyForDeploymentPostprocessing = 0;
			shellPath = /bin/sh;
			shellScript = "diff \"${PODS_PODFILE_DIR_PATH}/Podfile.lock\" \"${PODS_ROOT}/Manifest.lock\" > /dev/null\nif [ $? != 0 ] ; then\n    # print error to STDERR\n    echo \"error: The sandbox is not in sync with the Podfile.lock. Run 'pod install' or update your CocoaPods installation.\" >&2\n    exit 1\nfi\n# This output is used by Xcode 'outputs' to avoid re-running this script phase.\necho \"SUCCESS\" > \"${SCRIPT_OUTPUT_FILE_0}\"\n";
			showEnvVarsInLog = 0;
		};
		2189DBEB33F4A02A22944EB7 /* [CP] Embed Pods Frameworks */ = {
			isa = PBXShellScriptBuildPhase;
			buildActionMask = 2147483647;
			files = (
			);
			inputFileListPaths = (
				"${PODS_ROOT}/Target Support Files/Pods-FightAcademy/Pods-FightAcademy-frameworks-${CONFIGURATION}-input-files.xcfilelist",
			);
			name = "[CP] Embed Pods Frameworks";
			outputFileListPaths = (
				"${PODS_ROOT}/Target Support Files/Pods-FightAcademy/Pods-FightAcademy-frameworks-${CONFIGURATION}-output-files.xcfilelist",
			);
			runOnlyForDeploymentPostprocessing = 0;
			shellPath = /bin/sh;
			shellScript = "\"${PODS_ROOT}/Target Support Files/Pods-FightAcademy/Pods-FightAcademy-frameworks.sh\"\n";
			showEnvVarsInLog = 0;
		};
		3ACCCFE1997B1D43288EB56E /* [CP] Check Pods Manifest.lock */ = {
			isa = PBXShellScriptBuildPhase;
			buildActionMask = 2147483647;
			files = (
			);
			inputFileListPaths = (
			);
			inputPaths = (
				"${PODS_PODFILE_DIR_PATH}/Podfile.lock",
				"${PODS_ROOT}/Manifest.lock",
			);
			name = "[CP] Check Pods Manifest.lock";
			outputFileListPaths = (
			);
			outputPaths = (
				"$(DERIVED_FILE_DIR)/Pods-FightAcademyTests-checkManifestLockResult.txt",
			);
			runOnlyForDeploymentPostprocessing = 0;
			shellPath = /bin/sh;
			shellScript = "diff \"${PODS_PODFILE_DIR_PATH}/Podfile.lock\" \"${PODS_ROOT}/Manifest.lock\" > /dev/null\nif [ $? != 0 ] ; then\n    # print error to STDERR\n    echo \"error: The sandbox is not in sync with the Podfile.lock. Run 'pod install' or update your CocoaPods installation.\" >&2\n    exit 1\nfi\n# This output is used by Xcode 'outputs' to avoid re-running this script phase.\necho \"SUCCESS\" > \"${SCRIPT_OUTPUT_FILE_0}\"\n";
			showEnvVarsInLog = 0;
		};
		40ECD76D5B44A5A67DA57C07 /* [CP] Check Pods Manifest.lock */ = {
			isa = PBXShellScriptBuildPhase;
			buildActionMask = 2147483647;
			files = (
			);
			inputFileListPaths = (
			);
			inputPaths = (
				"${PODS_PODFILE_DIR_PATH}/Podfile.lock",
				"${PODS_ROOT}/Manifest.lock",
			);
			name = "[CP] Check Pods Manifest.lock";
			outputFileListPaths = (
			);
			outputPaths = (
				"$(DERIVED_FILE_DIR)/Pods-FightAcademy-FightAcademyUITests-checkManifestLockResult.txt",
			);
			runOnlyForDeploymentPostprocessing = 0;
			shellPath = /bin/sh;
			shellScript = "diff \"${PODS_PODFILE_DIR_PATH}/Podfile.lock\" \"${PODS_ROOT}/Manifest.lock\" > /dev/null\nif [ $? != 0 ] ; then\n    # print error to STDERR\n    echo \"error: The sandbox is not in sync with the Podfile.lock. Run 'pod install' or update your CocoaPods installation.\" >&2\n    exit 1\nfi\n# This output is used by Xcode 'outputs' to avoid re-running this script phase.\necho \"SUCCESS\" > \"${SCRIPT_OUTPUT_FILE_0}\"\n";
			showEnvVarsInLog = 0;
		};
		4BF53EC9260775C5002166D4 /* Swift lint */ = {
			isa = PBXShellScriptBuildPhase;
			buildActionMask = 2147483647;
			files = (
			);
			inputFileListPaths = (
			);
			inputPaths = (
			);
			name = "Swift lint";
			outputFileListPaths = (
			);
			outputPaths = (
			);
			runOnlyForDeploymentPostprocessing = 0;
			shellPath = /bin/sh;
			shellScript = "${PODS_ROOT}/SwiftLint/swiftlint\n";
		};
		E44BFF28383741ACC550F8C9 /* [CP] Embed Pods Frameworks */ = {
			isa = PBXShellScriptBuildPhase;
			buildActionMask = 2147483647;
			files = (
			);
			inputFileListPaths = (
				"${PODS_ROOT}/Target Support Files/Pods-FightAcademy-FightAcademyUITests/Pods-FightAcademy-FightAcademyUITests-frameworks-${CONFIGURATION}-input-files.xcfilelist",
			);
			name = "[CP] Embed Pods Frameworks";
			outputFileListPaths = (
				"${PODS_ROOT}/Target Support Files/Pods-FightAcademy-FightAcademyUITests/Pods-FightAcademy-FightAcademyUITests-frameworks-${CONFIGURATION}-output-files.xcfilelist",
			);
			runOnlyForDeploymentPostprocessing = 0;
			shellPath = /bin/sh;
			shellScript = "\"${PODS_ROOT}/Target Support Files/Pods-FightAcademy-FightAcademyUITests/Pods-FightAcademy-FightAcademyUITests-frameworks.sh\"\n";
			showEnvVarsInLog = 0;
		};
/* End PBXShellScriptBuildPhase section */

/* Begin PBXSourcesBuildPhase section */
		4B3A6BD42603CE3900B99CF0 /* Sources */ = {
			isa = PBXSourcesBuildPhase;
			buildActionMask = 2147483647;
			files = (
				4B3A6C7A2607416A00B99CF0 /* AppDelegate.swift in Sources */,
				9EA884882606858C002A59E2 /* NewActivityViewController.swift in Sources */,
				4BF53EFE2608A6E5002166D4 /* BookingActivityViewController.swift in Sources */,
				9EA884D126068838002A59E2 /* AuthCoordinatorFactory.swift in Sources */,
				9EA88452260683AB002A59E2 /* NavigationController.swift in Sources */,
				4B3A6C792607416A00B99CF0 /* SceneDelegate.swift in Sources */,
				4B3A6C9D260747A500B99CF0 /* CoachViewController.swift in Sources */,
				9EA884B226068709002A59E2 /* FinishFlowCoordinator.swift in Sources */,
				9EA884E2260688F4002A59E2 /* AboutCoordinator.swift in Sources */,
				9EA884D72606888F002A59E2 /* TabBarCoordinator.swift in Sources */,
				9EA884F026068943002A59E2 /* CoachesCoordinator.swift in Sources */,
				9EA8849C260685F0002A59E2 /* SettingsViewController.swift in Sources */,
				9EA884BB26068795002A59E2 /* ApplicationCoordinator.swift in Sources */,
				4BB86463260A8B1E003198CA /* TimeCollectionViewCell.swift in Sources */,
				9EA88492260685C7002A59E2 /* ChoosingCoachViewController.swift in Sources */,
				9EA884702606850A002A59E2 /* UIFontExtensions.swift in Sources */,
				4BF53EF426079CE1002166D4 /* String+Size.swift in Sources */,
				9EA884A126068609002A59E2 /* ChangePasswordViewController.swift in Sources */,
				9EA8845F2606842D002A59E2 /* AuthViewController.swift in Sources */,
				9EA884A8260686DF002A59E2 /* BaseCoordinator.swift in Sources */,
				9EA8851926068A60002A59E2 /* SettingsCoordinatorFactory.swift in Sources */,
				9EA884EA2606890B002A59E2 /* AboutCoordinatorFactory.swift in Sources */,
				9EA8845A260683FA002A59E2 /* TabBarController.swift in Sources */,
				9EA8843426068216002A59E2 /* RouterProtocol.swift in Sources */,
				4B59448C260A8FAF0096FB9F /* TimeSlot.swift in Sources */,
				9EA884C3260687D1002A59E2 /* ApplicationCoordinatorFactory.swift in Sources */,
				9EA884C926068819002A59E2 /* AuthCoordinator.swift in Sources */,
				9EA8846926068480002A59E2 /* AboutViewController.swift in Sources */,
				9EA8844126068270002A59E2 /* Routed.swift in Sources */,
				9EA8848D260685A5002A59E2 /* ChoosingActivityViewController.swift in Sources */,
				4B5FE59F260B3E0B004B336C /* BookingDataSourse.swift in Sources */,
				9EA884F52606894F002A59E2 /* CoachesCoordinatorFactory.swift in Sources */,
				9EA884AD260686E8002A59E2 /* Coordinator.swift in Sources */,
				9EA8851426068A4B002A59E2 /* SettingsCoordinator.swift in Sources */,
				9EA88500260689EA002A59E2 /* ActivityCoordinatorFactory.swift in Sources */,
				9EA8850626068A0C002A59E2 /* HistoryCoordinator.swift in Sources */,
				9EA8843C26068233002A59E2 /* Router.swift in Sources */,
				4B3A6C592606734D00B99CF0 /* CoachMock.swift in Sources */,
				4B3A6C61260674A100B99CF0 /* ConfigurableCell.swift in Sources */,
				4B3A6C67260732DB00B99CF0 /* CoachDataSourse.swift in Sources */,
				4B3A6C482606366E00B99CF0 /* CoachTableViewCell.swift in Sources */,
				4B3A6C60260674A100B99CF0 /* ReusableCell.swift in Sources */,
				4B3A6BE62603CE3900B99CF0 /* FightAcademy.xcdatamodeld in Sources */,
				9EA88497260685D9002A59E2 /* HistoryViewController.swift in Sources */,
				9EA8850E26068A22002A59E2 /* HistoryFactoryProtocol.swift in Sources */,
				9EA884832606856F002A59E2 /* ActivityViewController.swift in Sources */,
				9EA8846426068467002A59E2 /* RegViewController.swift in Sources */,
				4BF53EA8260771F2002166D4 /* UIView+IBInspectable.swift in Sources */,
				9EA884DC260688AA002A59E2 /* TabBarCoordinatorFactory.swift in Sources */,
				9EA884FB260689AE002A59E2 /* ActivityCoordinator.swift in Sources */,
			);
			runOnlyForDeploymentPostprocessing = 0;
		};
		4B3A6BED2603CE3F00B99CF0 /* Sources */ = {
			isa = PBXSourcesBuildPhase;
			buildActionMask = 2147483647;
			files = (
				4B3A6BF62603CE3F00B99CF0 /* FightAcademyTests.swift in Sources */,
			);
			runOnlyForDeploymentPostprocessing = 0;
		};
		4B3A6BF82603CE3F00B99CF0 /* Sources */ = {
			isa = PBXSourcesBuildPhase;
			buildActionMask = 2147483647;
			files = (
				4B3A6C012603CE3F00B99CF0 /* FightAcademyUITests.swift in Sources */,
			);
			runOnlyForDeploymentPostprocessing = 0;
		};
/* End PBXSourcesBuildPhase section */

/* Begin PBXTargetDependency section */
		4B3A6BF32603CE3F00B99CF0 /* PBXTargetDependency */ = {
			isa = PBXTargetDependency;
			target = 4B3A6BD72603CE3900B99CF0 /* FightAcademy */;
			targetProxy = 4B3A6BF22603CE3F00B99CF0 /* PBXContainerItemProxy */;
		};
		4B3A6BFE2603CE3F00B99CF0 /* PBXTargetDependency */ = {
			isa = PBXTargetDependency;
			target = 4B3A6BD72603CE3900B99CF0 /* FightAcademy */;
			targetProxy = 4B3A6BFD2603CE3F00B99CF0 /* PBXContainerItemProxy */;
		};
/* End PBXTargetDependency section */

/* Begin PBXVariantGroup section */
		4B3A6BE92603CE3E00B99CF0 /* LaunchScreen.storyboard */ = {
			isa = PBXVariantGroup;
			children = (
				4B3A6BEA2603CE3E00B99CF0 /* Base */,
			);
			name = LaunchScreen.storyboard;
			sourceTree = "<group>";
		};
/* End PBXVariantGroup section */

/* Begin XCBuildConfiguration section */
		4B3A6C032603CE3F00B99CF0 /* Debug */ = {
			isa = XCBuildConfiguration;
			buildSettings = {
				ALWAYS_SEARCH_USER_PATHS = NO;
				CLANG_ANALYZER_NONNULL = YES;
				CLANG_ANALYZER_NUMBER_OBJECT_CONVERSION = YES_AGGRESSIVE;
				CLANG_CXX_LANGUAGE_STANDARD = "gnu++14";
				CLANG_CXX_LIBRARY = "libc++";
				CLANG_ENABLE_MODULES = YES;
				CLANG_ENABLE_OBJC_ARC = YES;
				CLANG_ENABLE_OBJC_WEAK = YES;
				CLANG_WARN_BLOCK_CAPTURE_AUTORELEASING = YES;
				CLANG_WARN_BOOL_CONVERSION = YES;
				CLANG_WARN_COMMA = YES;
				CLANG_WARN_CONSTANT_CONVERSION = YES;
				CLANG_WARN_DEPRECATED_OBJC_IMPLEMENTATIONS = YES;
				CLANG_WARN_DIRECT_OBJC_ISA_USAGE = YES_ERROR;
				CLANG_WARN_DOCUMENTATION_COMMENTS = YES;
				CLANG_WARN_EMPTY_BODY = YES;
				CLANG_WARN_ENUM_CONVERSION = YES;
				CLANG_WARN_INFINITE_RECURSION = YES;
				CLANG_WARN_INT_CONVERSION = YES;
				CLANG_WARN_NON_LITERAL_NULL_CONVERSION = YES;
				CLANG_WARN_OBJC_IMPLICIT_RETAIN_SELF = YES;
				CLANG_WARN_OBJC_LITERAL_CONVERSION = YES;
				CLANG_WARN_OBJC_ROOT_CLASS = YES_ERROR;
				CLANG_WARN_QUOTED_INCLUDE_IN_FRAMEWORK_HEADER = YES;
				CLANG_WARN_RANGE_LOOP_ANALYSIS = YES;
				CLANG_WARN_STRICT_PROTOTYPES = YES;
				CLANG_WARN_SUSPICIOUS_MOVE = YES;
				CLANG_WARN_UNGUARDED_AVAILABILITY = YES_AGGRESSIVE;
				CLANG_WARN_UNREACHABLE_CODE = YES;
				CLANG_WARN__DUPLICATE_METHOD_MATCH = YES;
				COPY_PHASE_STRIP = NO;
				DEBUG_INFORMATION_FORMAT = dwarf;
				ENABLE_STRICT_OBJC_MSGSEND = YES;
				ENABLE_TESTABILITY = YES;
				GCC_C_LANGUAGE_STANDARD = gnu11;
				GCC_DYNAMIC_NO_PIC = NO;
				GCC_NO_COMMON_BLOCKS = YES;
				GCC_OPTIMIZATION_LEVEL = 0;
				GCC_PREPROCESSOR_DEFINITIONS = (
					"DEBUG=1",
					"$(inherited)",
				);
				GCC_WARN_64_TO_32_BIT_CONVERSION = YES;
				GCC_WARN_ABOUT_RETURN_TYPE = YES_ERROR;
				GCC_WARN_UNDECLARED_SELECTOR = YES;
				GCC_WARN_UNINITIALIZED_AUTOS = YES_AGGRESSIVE;
				GCC_WARN_UNUSED_FUNCTION = YES;
				GCC_WARN_UNUSED_VARIABLE = YES;
				IPHONEOS_DEPLOYMENT_TARGET = 14.2;
				MTL_ENABLE_DEBUG_INFO = INCLUDE_SOURCE;
				MTL_FAST_MATH = YES;
				ONLY_ACTIVE_ARCH = YES;
				SDKROOT = iphoneos;
				SWIFT_ACTIVE_COMPILATION_CONDITIONS = DEBUG;
				SWIFT_OPTIMIZATION_LEVEL = "-Onone";
			};
			name = Debug;
		};
		4B3A6C042603CE3F00B99CF0 /* Release */ = {
			isa = XCBuildConfiguration;
			buildSettings = {
				ALWAYS_SEARCH_USER_PATHS = NO;
				CLANG_ANALYZER_NONNULL = YES;
				CLANG_ANALYZER_NUMBER_OBJECT_CONVERSION = YES_AGGRESSIVE;
				CLANG_CXX_LANGUAGE_STANDARD = "gnu++14";
				CLANG_CXX_LIBRARY = "libc++";
				CLANG_ENABLE_MODULES = YES;
				CLANG_ENABLE_OBJC_ARC = YES;
				CLANG_ENABLE_OBJC_WEAK = YES;
				CLANG_WARN_BLOCK_CAPTURE_AUTORELEASING = YES;
				CLANG_WARN_BOOL_CONVERSION = YES;
				CLANG_WARN_COMMA = YES;
				CLANG_WARN_CONSTANT_CONVERSION = YES;
				CLANG_WARN_DEPRECATED_OBJC_IMPLEMENTATIONS = YES;
				CLANG_WARN_DIRECT_OBJC_ISA_USAGE = YES_ERROR;
				CLANG_WARN_DOCUMENTATION_COMMENTS = YES;
				CLANG_WARN_EMPTY_BODY = YES;
				CLANG_WARN_ENUM_CONVERSION = YES;
				CLANG_WARN_INFINITE_RECURSION = YES;
				CLANG_WARN_INT_CONVERSION = YES;
				CLANG_WARN_NON_LITERAL_NULL_CONVERSION = YES;
				CLANG_WARN_OBJC_IMPLICIT_RETAIN_SELF = YES;
				CLANG_WARN_OBJC_LITERAL_CONVERSION = YES;
				CLANG_WARN_OBJC_ROOT_CLASS = YES_ERROR;
				CLANG_WARN_QUOTED_INCLUDE_IN_FRAMEWORK_HEADER = YES;
				CLANG_WARN_RANGE_LOOP_ANALYSIS = YES;
				CLANG_WARN_STRICT_PROTOTYPES = YES;
				CLANG_WARN_SUSPICIOUS_MOVE = YES;
				CLANG_WARN_UNGUARDED_AVAILABILITY = YES_AGGRESSIVE;
				CLANG_WARN_UNREACHABLE_CODE = YES;
				CLANG_WARN__DUPLICATE_METHOD_MATCH = YES;
				COPY_PHASE_STRIP = NO;
				DEBUG_INFORMATION_FORMAT = "dwarf-with-dsym";
				ENABLE_NS_ASSERTIONS = NO;
				ENABLE_STRICT_OBJC_MSGSEND = YES;
				GCC_C_LANGUAGE_STANDARD = gnu11;
				GCC_NO_COMMON_BLOCKS = YES;
				GCC_WARN_64_TO_32_BIT_CONVERSION = YES;
				GCC_WARN_ABOUT_RETURN_TYPE = YES_ERROR;
				GCC_WARN_UNDECLARED_SELECTOR = YES;
				GCC_WARN_UNINITIALIZED_AUTOS = YES_AGGRESSIVE;
				GCC_WARN_UNUSED_FUNCTION = YES;
				GCC_WARN_UNUSED_VARIABLE = YES;
				IPHONEOS_DEPLOYMENT_TARGET = 14.2;
				MTL_ENABLE_DEBUG_INFO = NO;
				MTL_FAST_MATH = YES;
				SDKROOT = iphoneos;
				SWIFT_COMPILATION_MODE = wholemodule;
				SWIFT_OPTIMIZATION_LEVEL = "-O";
				VALIDATE_PRODUCT = YES;
			};
			name = Release;
		};
		4B3A6C062603CE3F00B99CF0 /* Debug */ = {
			isa = XCBuildConfiguration;
			baseConfigurationReference = A1B45D15AB09032B774C8168 /* Pods-FightAcademy.debug.xcconfig */;
			buildSettings = {
				ASSETCATALOG_COMPILER_APPICON_NAME = AppIcon;
				ASSETCATALOG_COMPILER_GLOBAL_ACCENT_COLOR_NAME = AccentColor;
				CODE_SIGN_STYLE = Automatic;
				INFOPLIST_FILE = FightAcademy/Info.plist;
				LD_RUNPATH_SEARCH_PATHS = (
					"$(inherited)",
					"@executable_path/Frameworks",
				);
				PRODUCT_BUNDLE_IDENTIFIER = com.PMTech.FightAcademy;
				PRODUCT_NAME = "$(TARGET_NAME)";
				SWIFT_VERSION = 5.0;
				TARGETED_DEVICE_FAMILY = "1,2";
			};
			name = Debug;
		};
		4B3A6C072603CE3F00B99CF0 /* Release */ = {
			isa = XCBuildConfiguration;
			baseConfigurationReference = 449D1E5322AEE6898792F26A /* Pods-FightAcademy.release.xcconfig */;
			buildSettings = {
				ASSETCATALOG_COMPILER_APPICON_NAME = AppIcon;
				ASSETCATALOG_COMPILER_GLOBAL_ACCENT_COLOR_NAME = AccentColor;
				CODE_SIGN_STYLE = Automatic;
				INFOPLIST_FILE = FightAcademy/Info.plist;
				LD_RUNPATH_SEARCH_PATHS = (
					"$(inherited)",
					"@executable_path/Frameworks",
				);
				PRODUCT_BUNDLE_IDENTIFIER = com.PMTech.FightAcademy;
				PRODUCT_NAME = "$(TARGET_NAME)";
				SWIFT_VERSION = 5.0;
				TARGETED_DEVICE_FAMILY = "1,2";
			};
			name = Release;
		};
		4B3A6C092603CE3F00B99CF0 /* Debug */ = {
			isa = XCBuildConfiguration;
			baseConfigurationReference = 237C2ACCF09599F70920D054 /* Pods-FightAcademyTests.debug.xcconfig */;
			buildSettings = {
				ALWAYS_EMBED_SWIFT_STANDARD_LIBRARIES = YES;
				BUNDLE_LOADER = "$(TEST_HOST)";
				CODE_SIGN_STYLE = Automatic;
				INFOPLIST_FILE = FightAcademyTests/Info.plist;
				IPHONEOS_DEPLOYMENT_TARGET = 14.2;
				LD_RUNPATH_SEARCH_PATHS = (
					"$(inherited)",
					"@executable_path/Frameworks",
					"@loader_path/Frameworks",
				);
				PRODUCT_BUNDLE_IDENTIFIER = com.Aliona.FightAcademyTests;
				PRODUCT_NAME = "$(TARGET_NAME)";
				SWIFT_VERSION = 5.0;
				TARGETED_DEVICE_FAMILY = "1,2";
				TEST_HOST = "$(BUILT_PRODUCTS_DIR)/FightAcademy.app/FightAcademy";
			};
			name = Debug;
		};
		4B3A6C0A2603CE3F00B99CF0 /* Release */ = {
			isa = XCBuildConfiguration;
			baseConfigurationReference = 300809C2D22046E0069F3F5A /* Pods-FightAcademyTests.release.xcconfig */;
			buildSettings = {
				ALWAYS_EMBED_SWIFT_STANDARD_LIBRARIES = YES;
				BUNDLE_LOADER = "$(TEST_HOST)";
				CODE_SIGN_STYLE = Automatic;
				INFOPLIST_FILE = FightAcademyTests/Info.plist;
				IPHONEOS_DEPLOYMENT_TARGET = 14.2;
				LD_RUNPATH_SEARCH_PATHS = (
					"$(inherited)",
					"@executable_path/Frameworks",
					"@loader_path/Frameworks",
				);
				PRODUCT_BUNDLE_IDENTIFIER = com.Aliona.FightAcademyTests;
				PRODUCT_NAME = "$(TARGET_NAME)";
				SWIFT_VERSION = 5.0;
				TARGETED_DEVICE_FAMILY = "1,2";
				TEST_HOST = "$(BUILT_PRODUCTS_DIR)/FightAcademy.app/FightAcademy";
			};
			name = Release;
		};
		4B3A6C0C2603CE3F00B99CF0 /* Debug */ = {
			isa = XCBuildConfiguration;
			baseConfigurationReference = 2D7A4FE45A1F402DBF6B2C3E /* Pods-FightAcademy-FightAcademyUITests.debug.xcconfig */;
			buildSettings = {
				ALWAYS_EMBED_SWIFT_STANDARD_LIBRARIES = YES;
				CODE_SIGN_STYLE = Automatic;
				INFOPLIST_FILE = FightAcademyUITests/Info.plist;
				LD_RUNPATH_SEARCH_PATHS = (
					"$(inherited)",
					"@executable_path/Frameworks",
					"@loader_path/Frameworks",
				);
				PRODUCT_BUNDLE_IDENTIFIER = com.Aliona.FightAcademyUITests;
				PRODUCT_NAME = "$(TARGET_NAME)";
				SWIFT_VERSION = 5.0;
				TARGETED_DEVICE_FAMILY = "1,2";
				TEST_TARGET_NAME = FightAcademy;
			};
			name = Debug;
		};
		4B3A6C0D2603CE3F00B99CF0 /* Release */ = {
			isa = XCBuildConfiguration;
			baseConfigurationReference = 45AD68042E6F14392D6D52ED /* Pods-FightAcademy-FightAcademyUITests.release.xcconfig */;
			buildSettings = {
				ALWAYS_EMBED_SWIFT_STANDARD_LIBRARIES = YES;
				CODE_SIGN_STYLE = Automatic;
				INFOPLIST_FILE = FightAcademyUITests/Info.plist;
				LD_RUNPATH_SEARCH_PATHS = (
					"$(inherited)",
					"@executable_path/Frameworks",
					"@loader_path/Frameworks",
				);
				PRODUCT_BUNDLE_IDENTIFIER = com.Aliona.FightAcademyUITests;
				PRODUCT_NAME = "$(TARGET_NAME)";
				SWIFT_VERSION = 5.0;
				TARGETED_DEVICE_FAMILY = "1,2";
				TEST_TARGET_NAME = FightAcademy;
			};
			name = Release;
		};
/* End XCBuildConfiguration section */

/* Begin XCConfigurationList section */
		4B3A6BD32603CE3900B99CF0 /* Build configuration list for PBXProject "FightAcademy" */ = {
			isa = XCConfigurationList;
			buildConfigurations = (
				4B3A6C032603CE3F00B99CF0 /* Debug */,
				4B3A6C042603CE3F00B99CF0 /* Release */,
			);
			defaultConfigurationIsVisible = 0;
			defaultConfigurationName = Release;
		};
		4B3A6C052603CE3F00B99CF0 /* Build configuration list for PBXNativeTarget "FightAcademy" */ = {
			isa = XCConfigurationList;
			buildConfigurations = (
				4B3A6C062603CE3F00B99CF0 /* Debug */,
				4B3A6C072603CE3F00B99CF0 /* Release */,
			);
			defaultConfigurationIsVisible = 0;
			defaultConfigurationName = Release;
		};
		4B3A6C082603CE3F00B99CF0 /* Build configuration list for PBXNativeTarget "FightAcademyTests" */ = {
			isa = XCConfigurationList;
			buildConfigurations = (
				4B3A6C092603CE3F00B99CF0 /* Debug */,
				4B3A6C0A2603CE3F00B99CF0 /* Release */,
			);
			defaultConfigurationIsVisible = 0;
			defaultConfigurationName = Release;
		};
		4B3A6C0B2603CE3F00B99CF0 /* Build configuration list for PBXNativeTarget "FightAcademyUITests" */ = {
			isa = XCConfigurationList;
			buildConfigurations = (
				4B3A6C0C2603CE3F00B99CF0 /* Debug */,
				4B3A6C0D2603CE3F00B99CF0 /* Release */,
			);
			defaultConfigurationIsVisible = 0;
			defaultConfigurationName = Release;
		};
/* End XCConfigurationList section */

/* Begin XCVersionGroup section */
		4B3A6BE42603CE3900B99CF0 /* FightAcademy.xcdatamodeld */ = {
			isa = XCVersionGroup;
			children = (
				4B3A6BE52603CE3900B99CF0 /* FightAcademy.xcdatamodel */,
			);
			currentVersion = 4B3A6BE52603CE3900B99CF0 /* FightAcademy.xcdatamodel */;
			path = FightAcademy.xcdatamodeld;
			sourceTree = "<group>";
			versionGroupType = wrapper.xcdatamodel;
		};
/* End XCVersionGroup section */
	};
	rootObject = 4B3A6BD02603CE3900B99CF0 /* Project object */;
}
